github.com/anishathalye/porcupine v1.0.0 h1:93eF6d26IMDky+G4h8FcLuYp1oO+no8a//I7asq/oKI=
github.com/anishathalye/porcupine v1.0.0/go.mod h1:WM0SsFjWNl2Y4BqHr/E/ll2yY1GY1jqn+W7Z/84Zoog=
github.com/samber/lo v1.49.1 h1:4BIFyVfuQSEpluc7Fua+j1NolZHiEHEpaSEKdsH0tew=
github.com/samber/lo v1.49.1/go.mod h1:dO6KHFzUKXgP8LDhU0oI8d2hekjXnGOu0DB8Jecxd6o=
golang.org/x/text v0.21.0 h1:zyQAAkrwaneQ066sspRyJaG9VNi/YJ1NfzcGB3hZ/qo=
golang.org/x/text v0.21.0/go.mod h1:4IBbMaMmOPCJ8SecivzSH54+73PCFmPWxNTLm+vZkEQ=
